{
  "requires": true,
  "lockfileVersion": 1,
  "dependencies": {
    "sqlite": {
      "version": "4.0.12",
      "resolved": "https://registry.npmjs.org/sqlite/-/sqlite-4.0.12.tgz",
      "integrity": "sha512-ZY9rvFrNH+iHS0FNgUgGd6dlj0Gji9hKqwpG8XI+/2djrxUiQj5aS7j3mY0AKhM2jXtJ9UTjrLnwvfUMTAE2/A=="
    }
  }
}
